// !$*UTF8*$!
{
	archiveVersion = 1;
	classes = {
	};
	objectVersion = 50;
	objects = {

/* Begin PBXBuildFile section */
		3B433EB12146AC7900CA04BD /* main.m in Sources */ = {isa = PBXBuildFile; fileRef = 3B433EB02146AC7900CA04BD /* main.m */; };
		3B433EB92146B0CE00CA04BD /* Person.m in Sources */ = {isa = PBXBuildFile; fileRef = 3B433EB82146B0CE00CA04BD /* Person.m */; };
		3B433EBC2146BA7800CA04BD /* Employee.m in Sources */ = {isa = PBXBuildFile; fileRef = 3B433EBB2146BA7800CA04BD /* Employee.m */; };
		3B433EBF2147032E00CA04BD /* Asset.m in Sources */ = {isa = PBXBuildFile; fileRef = 3B433EBE2147032E00CA04BD /* Asset.m */; };
/* End PBXBuildFile section */

/* Begin PBXCopyFilesBuildPhase section */
		3B433EAB2146AC7900CA04BD /* CopyFiles */ = {
			isa = PBXCopyFilesBuildPhase;
			buildActionMask = 2147483647;
			dstPath = /usr/share/man/man1/;
			dstSubfolderSpec = 0;
			files = (
			);
			runOnlyForDeploymentPostprocessing = 1;
		};
/* End PBXCopyFilesBuildPhase section */

/* Begin PBXFileReference section */
		3B433EAD2146AC7900CA04BD /* YSRBMI */ = {isa = PBXFileReference; explicitFileType = "compiled.mach-o.executable"; includeInIndex = 0; path = YSRBMI; sourceTree = BUILT_PRODUCTS_DIR; };
		3B433EB02146AC7900CA04BD /* main.m */ = {isa = PBXFileReference; lastKnownFileType = sourcecode.c.objc; path = main.m; sourceTree = "<group>"; };
		3B433EB72146B0CE00CA04BD /* Person.h */ = {isa = PBXFileReference; lastKnownFileType = sourcecode.c.h; path = Person.h; sourceTree = "<group>"; };
		3B433EB82146B0CE00CA04BD /* Person.m */ = {isa = PBXFileReference; lastKnownFileType = sourcecode.c.objc; path = Person.m; sourceTree = "<group>"; };
		3B433EBA2146BA7800CA04BD /* Employee.h */ = {isa = PBXFileReference; lastKnownFileType = sourcecode.c.h; path = Employee.h; sourceTree = "<group>"; };
		3B433EBB2146BA7800CA04BD /* Employee.m */ = {isa = PBXFileReference; lastKnownFileType = sourcecode.c.objc; path = Employee.m; sourceTree = "<group>"; };
		3B433EBD2147032E00CA04BD /* Asset.h */ = {isa = PBXFileReference; lastKnownFileType = sourcecode.c.h; path = Asset.h; sourceTree = "<group>"; };
		3B433EBE2147032E00CA04BD /* Asset.m */ = {isa = PBXFileReference; lastKnownFileType = sourcecode.c.objc; path = Asset.m; sourceTree = "<group>"; };
/* End PBXFileReference section */

/* Begin PBXFrameworksBuildPhase section */
		3B433EAA2146AC7900CA04BD /* Frameworks */ = {
			isa = PBXFrameworksBuildPhase;
			buildActionMask = 2147483647;
			files = (
			);
			runOnlyForDeploymentPostprocessing = 0;
		};
/* End PBXFrameworksBuildPhase section */

/* Begin PBXGroup section */
		3B433EA42146AC7900CA04BD = {
			isa = PBXGroup;
			children = (
				3B433EAF2146AC7900CA04BD /* YSRBMI */,
				3B433EAE2146AC7900CA04BD /* Products */,
			);
			sourceTree = "<group>";
		};
		3B433EAE2146AC7900CA04BD /* Products */ = {
			isa = PBXGroup;
			children = (
				3B433EAD2146AC7900CA04BD /* YSRBMI */,
			);
			name = Products;
			sourceTree = "<group>";
		};
		3B433EAF2146AC7900CA04BD /* YSRBMI */ = {
			isa = PBXGroup;
			children = (
				3B433EB02146AC7900CA04BD /* main.m */,
				3B433EBD2147032E00CA04BD /* Asset.h */,
				3B433EBE2147032E00CA04BD /* Asset.m */,
				3B433EBA2146BA7800CA04BD /* Employee.h */,
				3B433EBB2146BA7800CA04BD /* Employee.m */,
				3B433EB72146B0CE00CA04BD /* Person.h */,
				3B433EB82146B0CE00CA04BD /* Person.m */,
			);
			path = YSRBMI;
			sourceTree = "<group>";
		};
/* End PBXGroup section */

/* Begin PBXNativeTarget section */
		3B433EAC2146AC7900CA04BD /* YSRBMI */ = {
			isa = PBXNativeTarget;
			buildConfigurationList = 3B433EB42146AC7900CA04BD /* Build configuration list for PBXNativeTarget "YSRBMI" */;
			buildPhases = (
				3B433EA92146AC7900CA04BD /* Sources */,
				3B433EAA2146AC7900CA04BD /* Frameworks */,
				3B433EAB2146AC7900CA04BD /* CopyFiles */,
			);
			buildRules = (
			);
			dependencies = (
			);
			name = YSRBMI;
			productName = YSRBMI;
			productReference = 3B433EAD2146AC7900CA04BD /* YSRBMI */;
			productType = "com.apple.product-type.tool";
		};
/* End PBXNativeTarget section */

/* Begin PBXProject section */
		3B433EA52146AC7900CA04BD /* Project object */ = {
			isa = PBXProject;
			attributes = {
				LastUpgradeCheck = 1000;
				ORGANIZATIONNAME = "YASSER ALTAMIMI";
				TargetAttributes = {
					3B433EAC2146AC7900CA04BD = {
						CreatedOnToolsVersion = 10.0;
					};
				};
			};
			buildConfigurationList = 3B433EA82146AC7900CA04BD /* Build configuration list for PBXProject "YSRBMI" */;
			compatibilityVersion = "Xcode 9.3";
			developmentRegion = en;
			hasScannedForEncodings = 0;
			knownRegions = (
				en,
			);
			mainGroup = 3B433EA42146AC7900CA04BD;
			productRefGroup = 3B433EAE2146AC7900CA04BD /* Products */;
			projectDirPath = "";
			projectRoot = "";
			targets = (
				3B433EAC2146AC7900CA04BD /* YSRBMI */,
			);
		};
/* End PBXProject section */

/* Begin PBXSourcesBuildPhase section */
		3B433EA92146AC7900CA04BD /* Sources */ = {
			isa = PBXSourcesBuildPhase;
			buildActionMask = 2147483647;
			files = (
				3B433EBC2146BA7800CA04BD /* Employee.m in Sources */,
				3B433EB92146B0CE00CA04BD /* Person.m in Sources */,
				3B433EBF2147032E00CA04BD /* Asset.m in Sources */,
				3B433EB12146AC7900CA04BD /* main.m in Sources */,
			);
			runOnlyForDeploymentPostprocessing = 0;
		};
/* End PBXSourcesBuildPhase section */

/* Begin XCBuildConfiguration section */
		3B433EB22146AC7900CA04BD /* Debug */ = {
			isa = XCBuildConfiguration;
			buildSettings = {
				ALWAYS_SEARCH_USER_PATHS = NO;
				CLANG_ANALYZER_NONNULL = YES;
				CLANG_ANALYZER_NUMBER_OBJECT_CONVERSION = YES_AGGRESSIVE;
				CLANG_CXX_LANGUAGE_STANDARD = "gnu++14";
				CLANG_CXX_LIBRARY = "libc++";
				CLANG_ENABLE_MODULES = YES;
				CLANG_ENABLE_OBJC_ARC = YES;
				CLANG_ENABLE_OBJC_WEAK = YES;
				CLANG_WARN_BLOCK_CAPTURE_AUTORELEASING = YES;
				CLANG_WARN_BOOL_CONVERSION = YES;
				CLANG_WARN_COMMA = YES;
				CLANG_WARN_CONSTANT_CONVERSION = YES;
				CLANG_WARN_DEPRECATED_OBJC_IMPLEMENTATIONS = YES;
				CLANG_WARN_DIRECT_OBJC_ISA_USAGE = YES_ERROR;
				CLANG_WARN_DOCUMENTATION_COMMENTS = YES;
				CLANG_WARN_EMPTY_BODY = YES;
				CLANG_WARN_ENUM_CONVERSION = YES;
				CLANG_WARN_INFINITE_RECURSION = YES;
				CLANG_WARN_INT_CONVERSION = YES;
				CLANG_WARN_NON_LITERAL_NULL_CONVERSION = YES;
				CLANG_WARN_OBJC_IMPLICIT_RETAIN_SELF = YES;
				CLANG_WARN_OBJC_LITERAL_CONVERSION = YES;
				CLANG_WARN_OBJC_ROOT_CLASS = YES_ERROR;
				CLANG_WARN_RANGE_LOOP_ANALYSIS = YES;
				CLANG_WARN_STRICT_PROTOTYPES = YES;
				CLANG_WARN_SUSPICIOUS_MOVE = YES;
				CLANG_WARN_UNGUARDED_AVAILABILITY = YES_AGGRESSIVE;
				CLANG_WARN_UNREACHABLE_CODE = YES;
				CLANG_WARN__DUPLICATE_METHOD_MATCH = YES;
				CODE_SIGN_IDENTITY = "Mac Developer";
				COPY_PHASE_STRIP = NO;
				DEBUG_INFORMATION_FORMAT = dwarf;
				ENABLE_STRICT_OBJC_MSGSEND = YES;
				ENABLE_TESTABILITY = YES;
				GCC_C_LANGUAGE_STANDARD = gnu11;
				GCC_DYNAMIC_NO_PIC = NO;
				GCC_NO_COMMON_BLOCKS = YES;
				GCC_OPTIMIZATION_LEVEL = 0;
				GCC_PREPROCESSOR_DEFINITIONS = (
					"DEBUG=1",
					"$(inherited)",
				);
				GCC_WARN_64_TO_32_BIT_CONVERSION = YES;
				GCC_WARN_ABOUT_RETURN_TYPE = YES_ERROR;
				GCC_WARN_UNDECLARED_SELECTOR = YES;
				GCC_WARN_UNINITIALIZED_AUTOS = YES_AGGRESSIVE;
				GCC_WARN_UNUSED_FUNCTION = YES;
				GCC_WARN_UNUSED_VARIABLE = YES;
				MACOSX_DEPLOYMENT_TARGET = 10.13;
				MTL_ENABLE_DEBUG_INFO = INCLUDE_SOURCE;
				MTL_FAST_MATH = YES;
				ONLY_ACTIVE_ARCH = YES;
				SDKROOT = macosx;
			};
			name = Debug;
		};
		3B433EB32146AC7900CA04BD /* Release */ = {
			isa = XCBuildConfiguration;
			buildSettings = {
				ALWAYS_SEARCH_USER_PATHS = NO;
				CLANG_ANALYZER_NONNULL = YES;
				CLANG_ANALYZER_NUMBER_OBJECT_CONVERSION = YES_AGGRESSIVE;
				CLANG_CXX_LANGUAGE_STANDARD = "gnu++14";
				CLANG_CXX_LIBRARY = "libc++";
				CLANG_ENABLE_MODULES = YES;
				CLANG_ENABLE_OBJC_ARC = YES;
				CLANG_ENABLE_OBJC_WEAK = YES;
				CLANG_WARN_BLOCK_CAPTURE_AUTORELEASING = YES;
				CLANG_WARN_BOOL_CONVERSION = YES;
				CLANG_WARN_COMMA = YES;
				CLANG_WARN_CONSTANT_CONVERSION = YES;
				CLANG_WARN_DEPRECATED_OBJC_IMPLEMENTATIONS = YES;
				CLANG_WARN_DIRECT_OBJC_ISA_USAGE = YES_ERROR;
				CLANG_WARN_DOCUMENTATION_COMMENTS = YES;
				CLANG_WARN_EMPTY_BODY = YES;
				CLANG_WARN_ENUM_CONVERSION = YES;
				CLANG_WARN_INFINITE_RECURSION = YES;
				CLANG_WARN_INT_CONVERSION = YES;
				CLANG_WARN_NON_LITERAL_NULL_CONVERSION = YES;
				CLANG_WARN_OBJC_IMPLICIT_RETAIN_SELF = YES;
				CLANG_WARN_OBJC_LITERAL_CONVERSION = YES;
				CLANG_WARN_OBJC_ROOT_CLASS = YES_ERROR;
				CLANG_WARN_RANGE_LOOP_ANALYSIS = YES;
				CLANG_WARN_STRICT_PROTOTYPES = YES;
				CLANG_WARN_SUSPICIOUS_MOVE = YES;
				CLANG_WARN_UNGUARDED_AVAILABILITY = YES_AGGRESSIVE;
				CLANG_WARN_UNREACHABLE_CODE = YES;
				CLANG_WARN__DUPLICATE_METHOD_MATCH = YES;
				CODE_SIGN_IDENTITY = "Mac Developer";
				COPY_PHASE_STRIP = NO;
				DEBUG_INFORMATION_FORMAT = "dwarf-with-dsym";
				ENABLE_NS_ASSERTIONS = NO;
				ENABLE_STRICT_OBJC_MSGSEND = YES;
				GCC_C_LANGUAGE_STANDARD = gnu11;
				GCC_NO_COMMON_BLOCKS = YES;
				GCC_WARN_64_TO_32_BIT_CONVERSION = YES;
				GCC_WARN_ABOUT_RETURN_TYPE = YES_ERROR;
				GCC_WARN_UNDECLARED_SELECTOR = YES;
				GCC_WARN_UNINITIALIZED_AUTOS = YES_AGGRESSIVE;
				GCC_WARN_UNUSED_FUNCTION = YES;
				GCC_WARN_UNUSED_VARIABLE = YES;
				MACOSX_DEPLOYMENT_TARGET = 10.13;
				MTL_ENABLE_DEBUG_INFO = NO;
				MTL_FAST_MATH = YES;
				SDKROOT = macosx;
			};
			name = Release;
		};
		3B433EB52146AC7900CA04BD /* Debug */ = {
			isa = XCBuildConfiguration;
			buildSettings = {
				CODE_SIGN_STYLE = Automatic;
				DEVELOPMENT_TEAM = Y3YKU4Z4R4;
				PRODUCT_NAME = "$(TARGET_NAME)";
			};
			name = Debug;
		};
		3B433EB62146AC7900CA04BD /* Release */ = {
			isa = XCBuildConfiguration;
			buildSettings = {
				CODE_SIGN_STYLE = Automatic;
				DEVELOPMENT_TEAM = Y3YKU4Z4R4;
				PRODUCT_NAME = "$(TARGET_NAME)";
			};
			name = Release;
		};
/* End XCBuildConfiguration section */

/* Begin XCConfigurationList section */
		3B433EA82146AC7900CA04BD /* Build configuration list for PBXProject "YSRBMI" */ = {
			isa = XCConfigurationList;
			buildConfigurations = (
				3B433EB22146AC7900CA04BD /* Debug */,
				3B433EB32146AC7900CA04BD /* Release */,
			);
			defaultConfigurationIsVisible = 0;
			defaultConfigurationName = Release;
		};
		3B433EB42146AC7900CA04BD /* Build configuration list for PBXNativeTarget "YSRBMI" */ = {
			isa = XCConfigurationList;
			buildConfigurations = (
				3B433EB52146AC7900CA04BD /* Debug */,
				3B433EB62146AC7900CA04BD /* Release */,
			);
			defaultConfigurationIsVisible = 0;
			defaultConfigurationName = Release;
		};
/* End XCConfigurationList section */
	};
	rootObject = 3B433EA52146AC7900CA04BD /* Project object */;
}
